# THIS IS AN AUTOGENERATED FILE. DO NOT EDIT THIS FILE DIRECTLY.
# yarn lockfile v1


nouislider@^13.1.1:
  version "13.1.2"
  resolved "https://registry.yarnpkg.com/nouislider/-/nouislider-13.1.2.tgz#2186b9e5fbcf2f3d8f62c2412ccebb3c5ffbd482"
  integrity sha512-0IqFYJYRl8hpTsLsTIJF8ePVG8p0uHwPPRNOjyRCeF3Z4/KdMqlukKlj1pkvK13Ge5CsDi9i/UTx1Sv5+nzi9w==

wnumb@^1.1.0:
  version "1.1.0"
  resolved "https://registry.yarnpkg.com/wnumb/-/wnumb-1.1.0.tgz#fcecb88050869bdf384dacbfd612325980c93ddc"
  integrity sha1-/Oy4gFCGm984Tay/1hIyWYDJPdw=
